
Microsoft Visual Studio Solution File, Format Version 12.00
# Visual Studio Version 17
VisualStudioVersion = 17.0.32126.317
MinimumVisualStudioVersion = 10.0.40219.1
Project("{8BC9CEB8-8B4A-11D0-8D11-00A0C91BC942}") = "CryptoTest", "CryptoTest\CryptoTest.vcxproj", "{82BD39F5-9313-4506-A5DE-8C83B6DC8EE4}"
EndProject
Global
	GlobalSection(SolutionConfigurationPlatforms) = preSolution
		Debug|x64 = Debug|x64
		Debug|x86 = Debug|x86
		Release|x64 = Release|x64
		Release|x86 = Release|x86
	EndGlobalSection
	GlobalSection(ProjectConfigurationPlatforms) = postSolution
		{82BD39F5-9313-4506-A5DE-8C83B6DC8EE4}.Debug|x64.ActiveCfg = Debug|x64
		{82BD39F5-9313-4506-A5DE-8C83B6DC8EE4}.Debug|x64.Build.0 = Debug|x64
		{82BD39F5-9313-4506-A5DE-8C83B6DC8EE4}.Debug|x86.ActiveCfg = Debug|Win32
		{82BD39F5-9313-4506-A5DE-8C83B6DC8EE4}.Debug|x86.Build.0 = Debug|Win32
		{82BD39F5-9313-4506-A5DE-8C83B6DC8EE4}.Release|x64.ActiveCfg = Release|x64
		{82BD39F5-9313-4506-A5DE-8C83B6DC8EE4}.Release|x64.Build.0 = Release|x64
		{82BD39F5-9313-4506-A5DE-8C83B6DC8EE4}.Release|x86.ActiveCfg = Release|Win32
		{82BD39F5-9313-4506-A5DE-8C83B6DC8EE4}.Release|x86.Build.0 = Release|Win32
	EndGlobalSection
	GlobalSection(SolutionProperties) = preSolution
		HideSolutionNode = FALSE
	EndGlobalSection
	GlobalSection(ExtensibilityGlobals) = postSolution
		SolutionGuid = {B55F1BBA-2ADA-4769-B92D-ADA767A1FE0D}
	EndGlobalSection
EndGlobal
